
Microsoft Visual Studio Solution File, Format Version 12.00
# Visual Studio Version 16
VisualStudioVersion = 16.0.30114.105
MinimumVisualStudioVersion = 10.0.40219.1
Project("{2150E333-8FDC-42A3-9474-1A3956D46DE8}") = "src", "src", "{AF6378F7-DF47-4E91-A2BB-BA43A3483C71}"
EndProject
Project("{FAE04EC0-301F-11D3-BF4B-00C04F79EFBC}") = "SimpleAPI", "src\SimpleAPI\SimpleAPI.csproj", "{0D0D107C-D3F3-4CD2-B796-1A0EE56DD4E7}"
EndProject
Project("{2150E333-8FDC-42A3-9474-1A3956D46DE8}") = "test", "test", "{E6C701BA-8963-47B0-B61E-48DAE4143AEC}"
EndProject
Project("{FAE04EC0-301F-11D3-BF4B-00C04F79EFBC}") = "SimpleAPI.Test", "test\SimpleAPI.Test\SimpleAPI.Test.csproj", "{36480BF6-298F-432C-BC7E-BDAE2ECB596E}"
EndProject
Global
	GlobalSection(SolutionConfigurationPlatforms) = preSolution
		Debug|Any CPU = Debug|Any CPU
		Release|Any CPU = Release|Any CPU
	EndGlobalSection
	GlobalSection(SolutionProperties) = preSolution
		HideSolutionNode = FALSE
	EndGlobalSection
	GlobalSection(ProjectConfigurationPlatforms) = postSolution
		{0D0D107C-D3F3-4CD2-B796-1A0EE56DD4E7}.Debug|Any CPU.ActiveCfg = Debug|Any CPU
		{0D0D107C-D3F3-4CD2-B796-1A0EE56DD4E7}.Debug|Any CPU.Build.0 = Debug|Any CPU
		{0D0D107C-D3F3-4CD2-B796-1A0EE56DD4E7}.Release|Any CPU.ActiveCfg = Release|Any CPU
		{0D0D107C-D3F3-4CD2-B796-1A0EE56DD4E7}.Release|Any CPU.Build.0 = Release|Any CPU
		{36480BF6-298F-432C-BC7E-BDAE2ECB596E}.Debug|Any CPU.ActiveCfg = Debug|Any CPU
		{36480BF6-298F-432C-BC7E-BDAE2ECB596E}.Debug|Any CPU.Build.0 = Debug|Any CPU
		{36480BF6-298F-432C-BC7E-BDAE2ECB596E}.Release|Any CPU.ActiveCfg = Release|Any CPU
		{36480BF6-298F-432C-BC7E-BDAE2ECB596E}.Release|Any CPU.Build.0 = Release|Any CPU
	EndGlobalSection
	GlobalSection(NestedProjects) = preSolution
		{0D0D107C-D3F3-4CD2-B796-1A0EE56DD4E7} = {AF6378F7-DF47-4E91-A2BB-BA43A3483C71}
		{36480BF6-298F-432C-BC7E-BDAE2ECB596E} = {E6C701BA-8963-47B0-B61E-48DAE4143AEC}
	EndGlobalSection
EndGlobal
